
Microsoft Visual Studio Solution File, Format Version 12.00
# Visual Studio Version 16
VisualStudioVersion = 16.0.34114.132
MinimumVisualStudioVersion = 10.0.40219.1
Project("{FAE04EC0-301F-11D3-BF4B-00C04F79EFBC}") = "WordApiCall", "WordApiCall\WordApiCall.csproj", "{3129B39B-AE23-4188-8D40-22076C903919}"
EndProject
Global
	GlobalSection(SolutionConfigurationPlatforms) = preSolution
		Debug|Any CPU = Debug|Any CPU
		Release|Any CPU = Release|Any CPU
	EndGlobalSection
	GlobalSection(ProjectConfigurationPlatforms) = postSolution
		{3129B39B-AE23-4188-8D40-22076C903919}.Debug|Any CPU.ActiveCfg = Debug|Any CPU
		{3129B39B-AE23-4188-8D40-22076C903919}.Debug|Any CPU.Build.0 = Debug|Any CPU
		{3129B39B-AE23-4188-8D40-22076C903919}.Release|Any CPU.ActiveCfg = Release|Any CPU
		{3129B39B-AE23-4188-8D40-22076C903919}.Release|Any CPU.Build.0 = Release|Any CPU
	EndGlobalSection
	GlobalSection(SolutionProperties) = preSolution
		HideSolutionNode = FALSE
	EndGlobalSection
	GlobalSection(ExtensibilityGlobals) = postSolution
		SolutionGuid = {047E5898-CD6B-4106-ADEE-9478A1F0BC42}
	EndGlobalSection
EndGlobal
